
Microsoft Visual Studio Solution File, Format Version 12.00
# Visual Studio Version 17
VisualStudioVersion = 17.1.32421.90
MinimumVisualStudioVersion = 10.0.40219.1
Project("{FAE04EC0-301F-11D3-BF4B-00C04F79EFBC}") = "Homework1", "Homework1\Homework1.csproj", "{1ADEDE13-FB85-4B7E-ACB0-9C610C3DDC83}"
EndProject
Global
	GlobalSection(SolutionConfigurationPlatforms) = preSolution
		Debug|Any CPU = Debug|Any CPU
		Release|Any CPU = Release|Any CPU
	EndGlobalSection
	GlobalSection(ProjectConfigurationPlatforms) = postSolution
		{1ADEDE13-FB85-4B7E-ACB0-9C610C3DDC83}.Debug|Any CPU.ActiveCfg = Debug|Any CPU
		{1ADEDE13-FB85-4B7E-ACB0-9C610C3DDC83}.Debug|Any CPU.Build.0 = Debug|Any CPU
		{1ADEDE13-FB85-4B7E-ACB0-9C610C3DDC83}.Release|Any CPU.ActiveCfg = Release|Any CPU
		{1ADEDE13-FB85-4B7E-ACB0-9C610C3DDC83}.Release|Any CPU.Build.0 = Release|Any CPU
	EndGlobalSection
	GlobalSection(SolutionProperties) = preSolution
		HideSolutionNode = FALSE
	EndGlobalSection
	GlobalSection(ExtensibilityGlobals) = postSolution
		SolutionGuid = {68A1CDA9-B6A5-42D1-8616-B6AD3BB8EE98}
	EndGlobalSection
EndGlobal
